
Microsoft Visual Studio Solution File, Format Version 12.00
# Visual Studio Version 16
VisualStudioVersion = 16.0.30002.166
MinimumVisualStudioVersion = 10.0.40219.1
Project("{FAE04EC0-301F-11D3-BF4B-00C04F79EFBC}") = "Tosr", "Tosr\Tosr.csproj", "{E7475F35-E371-4994-A718-5F90F6B38045}"
	ProjectSection(ProjectDependencies) = postProject
		{66942AF0-3C9A-4CB5-9284-6540D37BABD8} = {66942AF0-3C9A-4CB5-9284-6540D37BABD8}
	EndProjectSection
EndProject
Project("{8BC9CEB8-8B4A-11D0-8D11-00A0C91BC942}") = "Engine", "Engine\Engine.vcxproj", "{66942AF0-3C9A-4CB5-9284-6540D37BABD8}"
EndProject
Project("{8BC9CEB8-8B4A-11D0-8D11-00A0C91BC942}") = "EngineTest", "EngineTest\EngineTest.vcxproj", "{060C0353-2F67-4394-BAAC-2CD7D06E7014}"
EndProject
Project("{FAE04EC0-301F-11D3-BF4B-00C04F79EFBC}") = "TosrGui.Test", "TosrGui.Test\TosrGui.Test.csproj", "{5DC0B15C-E07B-431B-A259-D13683DF9255}"
	ProjectSection(ProjectDependencies) = postProject
		{E7475F35-E371-4994-A718-5F90F6B38045} = {E7475F35-E371-4994-A718-5F90F6B38045}
	EndProjectSection
EndProject
Global
	GlobalSection(SolutionConfigurationPlatforms) = preSolution
		Debug|Any CPU = Debug|Any CPU
		Debug|x64 = Debug|x64
		Debug|x86 = Debug|x86
		Release|Any CPU = Release|Any CPU
		Release|x64 = Release|x64
		Release|x86 = Release|x86
	EndGlobalSection
	GlobalSection(ProjectConfigurationPlatforms) = postSolution
		{E7475F35-E371-4994-A718-5F90F6B38045}.Debug|Any CPU.ActiveCfg = Debug|Any CPU
		{E7475F35-E371-4994-A718-5F90F6B38045}.Debug|Any CPU.Build.0 = Debug|Any CPU
		{E7475F35-E371-4994-A718-5F90F6B38045}.Debug|x64.ActiveCfg = Debug|x64
		{E7475F35-E371-4994-A718-5F90F6B38045}.Debug|x64.Build.0 = Debug|x64
		{E7475F35-E371-4994-A718-5F90F6B38045}.Debug|x86.ActiveCfg = Debug|Any CPU
		{E7475F35-E371-4994-A718-5F90F6B38045}.Debug|x86.Build.0 = Debug|Any CPU
		{E7475F35-E371-4994-A718-5F90F6B38045}.Release|Any CPU.ActiveCfg = Release|Any CPU
		{E7475F35-E371-4994-A718-5F90F6B38045}.Release|Any CPU.Build.0 = Release|Any CPU
		{E7475F35-E371-4994-A718-5F90F6B38045}.Release|x64.ActiveCfg = Release|x64
		{E7475F35-E371-4994-A718-5F90F6B38045}.Release|x64.Build.0 = Release|x64
		{E7475F35-E371-4994-A718-5F90F6B38045}.Release|x86.ActiveCfg = Release|Any CPU
		{E7475F35-E371-4994-A718-5F90F6B38045}.Release|x86.Build.0 = Release|Any CPU
		{66942AF0-3C9A-4CB5-9284-6540D37BABD8}.Debug|Any CPU.ActiveCfg = Debug|Win32
		{66942AF0-3C9A-4CB5-9284-6540D37BABD8}.Debug|x64.ActiveCfg = Debug|x64
		{66942AF0-3C9A-4CB5-9284-6540D37BABD8}.Debug|x64.Build.0 = Debug|x64
		{66942AF0-3C9A-4CB5-9284-6540D37BABD8}.Debug|x86.ActiveCfg = Debug|Win32
		{66942AF0-3C9A-4CB5-9284-6540D37BABD8}.Debug|x86.Build.0 = Debug|Win32
		{66942AF0-3C9A-4CB5-9284-6540D37BABD8}.Release|Any CPU.ActiveCfg = Release|Win32
		{66942AF0-3C9A-4CB5-9284-6540D37BABD8}.Release|x64.ActiveCfg = Release|x64
		{66942AF0-3C9A-4CB5-9284-6540D37BABD8}.Release|x64.Build.0 = Release|x64
		{66942AF0-3C9A-4CB5-9284-6540D37BABD8}.Release|x86.ActiveCfg = Release|Win32
		{66942AF0-3C9A-4CB5-9284-6540D37BABD8}.Release|x86.Build.0 = Release|Win32
		{060C0353-2F67-4394-BAAC-2CD7D06E7014}.Debug|Any CPU.ActiveCfg = Debug|Win32
		{060C0353-2F67-4394-BAAC-2CD7D06E7014}.Debug|x64.ActiveCfg = Debug|x64
		{060C0353-2F67-4394-BAAC-2CD7D06E7014}.Debug|x64.Build.0 = Debug|x64
		{060C0353-2F67-4394-BAAC-2CD7D06E7014}.Debug|x86.ActiveCfg = Debug|Win32
		{060C0353-2F67-4394-BAAC-2CD7D06E7014}.Debug|x86.Build.0 = Debug|Win32
		{060C0353-2F67-4394-BAAC-2CD7D06E7014}.Release|Any CPU.ActiveCfg = Release|Win32
		{060C0353-2F67-4394-BAAC-2CD7D06E7014}.Release|x64.ActiveCfg = Release|x64
		{060C0353-2F67-4394-BAAC-2CD7D06E7014}.Release|x64.Build.0 = Release|x64
		{060C0353-2F67-4394-BAAC-2CD7D06E7014}.Release|x86.ActiveCfg = Release|Win32
		{060C0353-2F67-4394-BAAC-2CD7D06E7014}.Release|x86.Build.0 = Release|Win32
		{5DC0B15C-E07B-431B-A259-D13683DF9255}.Debug|Any CPU.ActiveCfg = Debug|Any CPU
		{5DC0B15C-E07B-431B-A259-D13683DF9255}.Debug|Any CPU.Build.0 = Debug|Any CPU
		{5DC0B15C-E07B-431B-A259-D13683DF9255}.Debug|x64.ActiveCfg = Debug|Any CPU
		{5DC0B15C-E07B-431B-A259-D13683DF9255}.Debug|x64.Build.0 = Debug|Any CPU
		{5DC0B15C-E07B-431B-A259-D13683DF9255}.Debug|x86.ActiveCfg = Debug|Any CPU
		{5DC0B15C-E07B-431B-A259-D13683DF9255}.Debug|x86.Build.0 = Debug|Any CPU
		{5DC0B15C-E07B-431B-A259-D13683DF9255}.Release|Any CPU.ActiveCfg = Release|Any CPU
		{5DC0B15C-E07B-431B-A259-D13683DF9255}.Release|Any CPU.Build.0 = Release|Any CPU
		{5DC0B15C-E07B-431B-A259-D13683DF9255}.Release|x64.ActiveCfg = Release|Any CPU
		{5DC0B15C-E07B-431B-A259-D13683DF9255}.Release|x64.Build.0 = Release|Any CPU
		{5DC0B15C-E07B-431B-A259-D13683DF9255}.Release|x86.ActiveCfg = Release|Any CPU
		{5DC0B15C-E07B-431B-A259-D13683DF9255}.Release|x86.Build.0 = Release|Any CPU
	EndGlobalSection
	GlobalSection(SolutionProperties) = preSolution
		HideSolutionNode = FALSE
	EndGlobalSection
	GlobalSection(ExtensibilityGlobals) = postSolution
		SolutionGuid = {1B84566B-295E-4111-951B-5A6ACC2DEF73}
	EndGlobalSection
EndGlobal
