
Microsoft Visual Studio Solution File, Format Version 12.00
# Visual Studio Version 16
VisualStudioVersion = 16.0.30002.166
MinimumVisualStudioVersion = 10.0.40219.1
Project("{8BC9CEB8-8B4A-11D0-8D11-00A0C91BC942}") = "Engine", "Engine\Engine.vcxproj", "{66942AF0-3C9A-4CB5-9284-6540D37BABD8}"
EndProject
Project("{8BC9CEB8-8B4A-11D0-8D11-00A0C91BC942}") = "EngineTest", "EngineTest\EngineTest.vcxproj", "{060C0353-2F67-4394-BAAC-2CD7D06E7014}"
EndProject
Project("{9A19103F-16F7-4668-BE54-9A1E7A4F7556}") = "Tosr", "Tosr\Tosr.csproj", "{3C9983D5-97BB-406B-948C-CD5BA72F608F}"
	ProjectSection(ProjectDependencies) = postProject
		{BBFEFDE6-9972-4708-BEAB-5AE0DAAA2258} = {BBFEFDE6-9972-4708-BEAB-5AE0DAAA2258}
		{66942AF0-3C9A-4CB5-9284-6540D37BABD8} = {66942AF0-3C9A-4CB5-9284-6540D37BABD8}
	EndProjectSection
EndProject
Project("{9A19103F-16F7-4668-BE54-9A1E7A4F7556}") = "TosrGui.Test", "TosrGui.Test\TosrGui.Test.csproj", "{0D9D7C37-BEA7-4D89-A509-A75357294F49}"
EndProject
Project("{9A19103F-16F7-4668-BE54-9A1E7A4F7556}") = "TosrIntegration.Test", "TosrIntegration.Test\TosrIntegration.Test.csproj", "{B8DEAB01-5919-4542-8F32-5A83E4F48F15}"
EndProject
Project("{9A19103F-16F7-4668-BE54-9A1E7A4F7556}") = "Solver", "Solver\Solver.csproj", "{67D3D670-A0F2-4BA6-A393-DBCAA13409DA}"
EndProject
Project("{9A19103F-16F7-4668-BE54-9A1E7A4F7556}") = "Common", "Common\Common.csproj", "{12EA347E-0F5F-42A6-9531-EBF9C94D795D}"
EndProject
Project("{9A19103F-16F7-4668-BE54-9A1E7A4F7556}") = "Common.Test", "Common.Test\Common.Test.csproj", "{D121652C-703D-43F5-8342-1290CCBF4E77}"
EndProject
Project("{9A19103F-16F7-4668-BE54-9A1E7A4F7556}") = "BiddingLogic", "BiddingLogic\BiddingLogic.csproj", "{F76071D3-8FF9-4E3F-8EF9-B9DEE9EC4A86}"
EndProject
Project("{9A19103F-16F7-4668-BE54-9A1E7A4F7556}") = "Common.Controls", "Common.Controls\Common.Controls.csproj", "{BBFEFDE6-9972-4708-BEAB-5AE0DAAA2258}"
	ProjectSection(ProjectDependencies) = postProject
		{12EA347E-0F5F-42A6-9531-EBF9C94D795D} = {12EA347E-0F5F-42A6-9531-EBF9C94D795D}
	EndProjectSection
EndProject
Project("{9A19103F-16F7-4668-BE54-9A1E7A4F7556}") = "Wpf.Tosr", "Wpf.Tosr\Wpf.Tosr.csproj", "{1AC7AC66-F7DE-49CD-A77B-260872D41014}"
	ProjectSection(ProjectDependencies) = postProject
		{12EA347E-0F5F-42A6-9531-EBF9C94D795D} = {12EA347E-0F5F-42A6-9531-EBF9C94D795D}
		{66942AF0-3C9A-4CB5-9284-6540D37BABD8} = {66942AF0-3C9A-4CB5-9284-6540D37BABD8}
	EndProjectSection
EndProject
Project("{9A19103F-16F7-4668-BE54-9A1E7A4F7556}") = "Wpf.BidControls", "Wpf.BidControls\Wpf.BidControls.csproj", "{884E7ECD-F0DC-4485-AE0A-94CCC13FA9E9}"
EndProject
Project("{2150E333-8FDC-42A3-9474-1A3956D46DE8}") = "Solution Items", "Solution Items", "{67526F93-5F4E-465D-9142-76CCFD87308C}"
	ProjectSection(SolutionItems) = preProject
		.editorconfig = .editorconfig
	EndProjectSection
EndProject
Global
	GlobalSection(SolutionConfigurationPlatforms) = preSolution
		Debug|Any CPU = Debug|Any CPU
		Debug|x64 = Debug|x64
		Debug|x86 = Debug|x86
		Release|Any CPU = Release|Any CPU
		Release|x64 = Release|x64
		Release|x86 = Release|x86
	EndGlobalSection
	GlobalSection(ProjectConfigurationPlatforms) = postSolution
		{66942AF0-3C9A-4CB5-9284-6540D37BABD8}.Debug|Any CPU.ActiveCfg = Debug|x64
		{66942AF0-3C9A-4CB5-9284-6540D37BABD8}.Debug|Any CPU.Build.0 = Debug|x64
		{66942AF0-3C9A-4CB5-9284-6540D37BABD8}.Debug|x64.ActiveCfg = Debug|x64
		{66942AF0-3C9A-4CB5-9284-6540D37BABD8}.Debug|x64.Build.0 = Debug|x64
		{66942AF0-3C9A-4CB5-9284-6540D37BABD8}.Debug|x86.ActiveCfg = Debug|Win32
		{66942AF0-3C9A-4CB5-9284-6540D37BABD8}.Debug|x86.Build.0 = Debug|Win32
		{66942AF0-3C9A-4CB5-9284-6540D37BABD8}.Release|Any CPU.ActiveCfg = Release|x64
		{66942AF0-3C9A-4CB5-9284-6540D37BABD8}.Release|Any CPU.Build.0 = Release|x64
		{66942AF0-3C9A-4CB5-9284-6540D37BABD8}.Release|x64.ActiveCfg = Release|x64
		{66942AF0-3C9A-4CB5-9284-6540D37BABD8}.Release|x64.Build.0 = Release|x64
		{66942AF0-3C9A-4CB5-9284-6540D37BABD8}.Release|x86.ActiveCfg = Release|Win32
		{66942AF0-3C9A-4CB5-9284-6540D37BABD8}.Release|x86.Build.0 = Release|Win32
		{060C0353-2F67-4394-BAAC-2CD7D06E7014}.Debug|Any CPU.ActiveCfg = Debug|x64
		{060C0353-2F67-4394-BAAC-2CD7D06E7014}.Debug|Any CPU.Build.0 = Debug|x64
		{060C0353-2F67-4394-BAAC-2CD7D06E7014}.Debug|x64.ActiveCfg = Debug|x64
		{060C0353-2F67-4394-BAAC-2CD7D06E7014}.Debug|x64.Build.0 = Debug|x64
		{060C0353-2F67-4394-BAAC-2CD7D06E7014}.Debug|x86.ActiveCfg = Debug|Win32
		{060C0353-2F67-4394-BAAC-2CD7D06E7014}.Debug|x86.Build.0 = Debug|Win32
		{060C0353-2F67-4394-BAAC-2CD7D06E7014}.Release|Any CPU.ActiveCfg = Release|x64
		{060C0353-2F67-4394-BAAC-2CD7D06E7014}.Release|Any CPU.Build.0 = Release|x64
		{060C0353-2F67-4394-BAAC-2CD7D06E7014}.Release|x64.ActiveCfg = Release|x64
		{060C0353-2F67-4394-BAAC-2CD7D06E7014}.Release|x64.Build.0 = Release|x64
		{060C0353-2F67-4394-BAAC-2CD7D06E7014}.Release|x86.ActiveCfg = Release|Win32
		{060C0353-2F67-4394-BAAC-2CD7D06E7014}.Release|x86.Build.0 = Release|Win32
		{3C9983D5-97BB-406B-948C-CD5BA72F608F}.Debug|Any CPU.ActiveCfg = Debug|Any CPU
		{3C9983D5-97BB-406B-948C-CD5BA72F608F}.Debug|Any CPU.Build.0 = Debug|Any CPU
		{3C9983D5-97BB-406B-948C-CD5BA72F608F}.Debug|x64.ActiveCfg = Debug|Any CPU
		{3C9983D5-97BB-406B-948C-CD5BA72F608F}.Debug|x64.Build.0 = Debug|Any CPU
		{3C9983D5-97BB-406B-948C-CD5BA72F608F}.Debug|x86.ActiveCfg = Debug|Any CPU
		{3C9983D5-97BB-406B-948C-CD5BA72F608F}.Debug|x86.Build.0 = Debug|Any CPU
		{3C9983D5-97BB-406B-948C-CD5BA72F608F}.Release|Any CPU.ActiveCfg = Release|Any CPU
		{3C9983D5-97BB-406B-948C-CD5BA72F608F}.Release|Any CPU.Build.0 = Release|Any CPU
		{3C9983D5-97BB-406B-948C-CD5BA72F608F}.Release|x64.ActiveCfg = Release|Any CPU
		{3C9983D5-97BB-406B-948C-CD5BA72F608F}.Release|x64.Build.0 = Release|Any CPU
		{3C9983D5-97BB-406B-948C-CD5BA72F608F}.Release|x86.ActiveCfg = Release|Any CPU
		{3C9983D5-97BB-406B-948C-CD5BA72F608F}.Release|x86.Build.0 = Release|Any CPU
		{0D9D7C37-BEA7-4D89-A509-A75357294F49}.Debug|Any CPU.ActiveCfg = Debug|Any CPU
		{0D9D7C37-BEA7-4D89-A509-A75357294F49}.Debug|Any CPU.Build.0 = Debug|Any CPU
		{0D9D7C37-BEA7-4D89-A509-A75357294F49}.Debug|x64.ActiveCfg = Debug|Any CPU
		{0D9D7C37-BEA7-4D89-A509-A75357294F49}.Debug|x64.Build.0 = Debug|Any CPU
		{0D9D7C37-BEA7-4D89-A509-A75357294F49}.Debug|x86.ActiveCfg = Debug|Any CPU
		{0D9D7C37-BEA7-4D89-A509-A75357294F49}.Debug|x86.Build.0 = Debug|Any CPU
		{0D9D7C37-BEA7-4D89-A509-A75357294F49}.Release|Any CPU.ActiveCfg = Release|Any CPU
		{0D9D7C37-BEA7-4D89-A509-A75357294F49}.Release|Any CPU.Build.0 = Release|Any CPU
		{0D9D7C37-BEA7-4D89-A509-A75357294F49}.Release|x64.ActiveCfg = Release|Any CPU
		{0D9D7C37-BEA7-4D89-A509-A75357294F49}.Release|x64.Build.0 = Release|Any CPU
		{0D9D7C37-BEA7-4D89-A509-A75357294F49}.Release|x86.ActiveCfg = Release|Any CPU
		{0D9D7C37-BEA7-4D89-A509-A75357294F49}.Release|x86.Build.0 = Release|Any CPU
		{B8DEAB01-5919-4542-8F32-5A83E4F48F15}.Debug|Any CPU.ActiveCfg = Debug|Any CPU
		{B8DEAB01-5919-4542-8F32-5A83E4F48F15}.Debug|Any CPU.Build.0 = Debug|Any CPU
		{B8DEAB01-5919-4542-8F32-5A83E4F48F15}.Debug|x64.ActiveCfg = Debug|Any CPU
		{B8DEAB01-5919-4542-8F32-5A83E4F48F15}.Debug|x64.Build.0 = Debug|Any CPU
		{B8DEAB01-5919-4542-8F32-5A83E4F48F15}.Debug|x86.ActiveCfg = Debug|Any CPU
		{B8DEAB01-5919-4542-8F32-5A83E4F48F15}.Debug|x86.Build.0 = Debug|Any CPU
		{B8DEAB01-5919-4542-8F32-5A83E4F48F15}.Release|Any CPU.ActiveCfg = Release|Any CPU
		{B8DEAB01-5919-4542-8F32-5A83E4F48F15}.Release|Any CPU.Build.0 = Release|Any CPU
		{B8DEAB01-5919-4542-8F32-5A83E4F48F15}.Release|x64.ActiveCfg = Release|Any CPU
		{B8DEAB01-5919-4542-8F32-5A83E4F48F15}.Release|x64.Build.0 = Release|Any CPU
		{B8DEAB01-5919-4542-8F32-5A83E4F48F15}.Release|x86.ActiveCfg = Release|Any CPU
		{B8DEAB01-5919-4542-8F32-5A83E4F48F15}.Release|x86.Build.0 = Release|Any CPU
		{67D3D670-A0F2-4BA6-A393-DBCAA13409DA}.Debug|Any CPU.ActiveCfg = Debug|Any CPU
		{67D3D670-A0F2-4BA6-A393-DBCAA13409DA}.Debug|Any CPU.Build.0 = Debug|Any CPU
		{67D3D670-A0F2-4BA6-A393-DBCAA13409DA}.Debug|x64.ActiveCfg = Debug|Any CPU
		{67D3D670-A0F2-4BA6-A393-DBCAA13409DA}.Debug|x64.Build.0 = Debug|Any CPU
		{67D3D670-A0F2-4BA6-A393-DBCAA13409DA}.Debug|x86.ActiveCfg = Debug|Any CPU
		{67D3D670-A0F2-4BA6-A393-DBCAA13409DA}.Debug|x86.Build.0 = Debug|Any CPU
		{67D3D670-A0F2-4BA6-A393-DBCAA13409DA}.Release|Any CPU.ActiveCfg = Release|Any CPU
		{67D3D670-A0F2-4BA6-A393-DBCAA13409DA}.Release|Any CPU.Build.0 = Release|Any CPU
		{67D3D670-A0F2-4BA6-A393-DBCAA13409DA}.Release|x64.ActiveCfg = Release|Any CPU
		{67D3D670-A0F2-4BA6-A393-DBCAA13409DA}.Release|x64.Build.0 = Release|Any CPU
		{67D3D670-A0F2-4BA6-A393-DBCAA13409DA}.Release|x86.ActiveCfg = Release|Any CPU
		{67D3D670-A0F2-4BA6-A393-DBCAA13409DA}.Release|x86.Build.0 = Release|Any CPU
		{12EA347E-0F5F-42A6-9531-EBF9C94D795D}.Debug|Any CPU.ActiveCfg = Debug|Any CPU
		{12EA347E-0F5F-42A6-9531-EBF9C94D795D}.Debug|Any CPU.Build.0 = Debug|Any CPU
		{12EA347E-0F5F-42A6-9531-EBF9C94D795D}.Debug|x64.ActiveCfg = Debug|Any CPU
		{12EA347E-0F5F-42A6-9531-EBF9C94D795D}.Debug|x64.Build.0 = Debug|Any CPU
		{12EA347E-0F5F-42A6-9531-EBF9C94D795D}.Debug|x86.ActiveCfg = Debug|Any CPU
		{12EA347E-0F5F-42A6-9531-EBF9C94D795D}.Debug|x86.Build.0 = Debug|Any CPU
		{12EA347E-0F5F-42A6-9531-EBF9C94D795D}.Release|Any CPU.ActiveCfg = Release|Any CPU
		{12EA347E-0F5F-42A6-9531-EBF9C94D795D}.Release|Any CPU.Build.0 = Release|Any CPU
		{12EA347E-0F5F-42A6-9531-EBF9C94D795D}.Release|x64.ActiveCfg = Release|Any CPU
		{12EA347E-0F5F-42A6-9531-EBF9C94D795D}.Release|x64.Build.0 = Release|Any CPU
		{12EA347E-0F5F-42A6-9531-EBF9C94D795D}.Release|x86.ActiveCfg = Release|Any CPU
		{12EA347E-0F5F-42A6-9531-EBF9C94D795D}.Release|x86.Build.0 = Release|Any CPU
		{D121652C-703D-43F5-8342-1290CCBF4E77}.Debug|Any CPU.ActiveCfg = Debug|Any CPU
		{D121652C-703D-43F5-8342-1290CCBF4E77}.Debug|Any CPU.Build.0 = Debug|Any CPU
		{D121652C-703D-43F5-8342-1290CCBF4E77}.Debug|x64.ActiveCfg = Debug|Any CPU
		{D121652C-703D-43F5-8342-1290CCBF4E77}.Debug|x64.Build.0 = Debug|Any CPU
		{D121652C-703D-43F5-8342-1290CCBF4E77}.Debug|x86.ActiveCfg = Debug|Any CPU
		{D121652C-703D-43F5-8342-1290CCBF4E77}.Debug|x86.Build.0 = Debug|Any CPU
		{D121652C-703D-43F5-8342-1290CCBF4E77}.Release|Any CPU.ActiveCfg = Release|Any CPU
		{D121652C-703D-43F5-8342-1290CCBF4E77}.Release|Any CPU.Build.0 = Release|Any CPU
		{D121652C-703D-43F5-8342-1290CCBF4E77}.Release|x64.ActiveCfg = Release|Any CPU
		{D121652C-703D-43F5-8342-1290CCBF4E77}.Release|x64.Build.0 = Release|Any CPU
		{D121652C-703D-43F5-8342-1290CCBF4E77}.Release|x86.ActiveCfg = Release|Any CPU
		{D121652C-703D-43F5-8342-1290CCBF4E77}.Release|x86.Build.0 = Release|Any CPU
		{F76071D3-8FF9-4E3F-8EF9-B9DEE9EC4A86}.Debug|Any CPU.ActiveCfg = Debug|Any CPU
		{F76071D3-8FF9-4E3F-8EF9-B9DEE9EC4A86}.Debug|Any CPU.Build.0 = Debug|Any CPU
		{F76071D3-8FF9-4E3F-8EF9-B9DEE9EC4A86}.Debug|x64.ActiveCfg = Debug|Any CPU
		{F76071D3-8FF9-4E3F-8EF9-B9DEE9EC4A86}.Debug|x64.Build.0 = Debug|Any CPU
		{F76071D3-8FF9-4E3F-8EF9-B9DEE9EC4A86}.Debug|x86.ActiveCfg = Debug|Any CPU
		{F76071D3-8FF9-4E3F-8EF9-B9DEE9EC4A86}.Debug|x86.Build.0 = Debug|Any CPU
		{F76071D3-8FF9-4E3F-8EF9-B9DEE9EC4A86}.Release|Any CPU.ActiveCfg = Release|Any CPU
		{F76071D3-8FF9-4E3F-8EF9-B9DEE9EC4A86}.Release|Any CPU.Build.0 = Release|Any CPU
		{F76071D3-8FF9-4E3F-8EF9-B9DEE9EC4A86}.Release|x64.ActiveCfg = Release|Any CPU
		{F76071D3-8FF9-4E3F-8EF9-B9DEE9EC4A86}.Release|x64.Build.0 = Release|Any CPU
		{F76071D3-8FF9-4E3F-8EF9-B9DEE9EC4A86}.Release|x86.ActiveCfg = Release|Any CPU
		{F76071D3-8FF9-4E3F-8EF9-B9DEE9EC4A86}.Release|x86.Build.0 = Release|Any CPU
		{BBFEFDE6-9972-4708-BEAB-5AE0DAAA2258}.Debug|Any CPU.ActiveCfg = Debug|Any CPU
		{BBFEFDE6-9972-4708-BEAB-5AE0DAAA2258}.Debug|Any CPU.Build.0 = Debug|Any CPU
		{BBFEFDE6-9972-4708-BEAB-5AE0DAAA2258}.Debug|x64.ActiveCfg = Debug|Any CPU
		{BBFEFDE6-9972-4708-BEAB-5AE0DAAA2258}.Debug|x64.Build.0 = Debug|Any CPU
		{BBFEFDE6-9972-4708-BEAB-5AE0DAAA2258}.Debug|x86.ActiveCfg = Debug|Any CPU
		{BBFEFDE6-9972-4708-BEAB-5AE0DAAA2258}.Debug|x86.Build.0 = Debug|Any CPU
		{BBFEFDE6-9972-4708-BEAB-5AE0DAAA2258}.Release|Any CPU.ActiveCfg = Release|Any CPU
		{BBFEFDE6-9972-4708-BEAB-5AE0DAAA2258}.Release|Any CPU.Build.0 = Release|Any CPU
		{BBFEFDE6-9972-4708-BEAB-5AE0DAAA2258}.Release|x64.ActiveCfg = Release|Any CPU
		{BBFEFDE6-9972-4708-BEAB-5AE0DAAA2258}.Release|x64.Build.0 = Release|Any CPU
		{BBFEFDE6-9972-4708-BEAB-5AE0DAAA2258}.Release|x86.ActiveCfg = Release|Any CPU
		{BBFEFDE6-9972-4708-BEAB-5AE0DAAA2258}.Release|x86.Build.0 = Release|Any CPU
		{1AC7AC66-F7DE-49CD-A77B-260872D41014}.Debug|Any CPU.ActiveCfg = Debug|Any CPU
		{1AC7AC66-F7DE-49CD-A77B-260872D41014}.Debug|Any CPU.Build.0 = Debug|Any CPU
		{1AC7AC66-F7DE-49CD-A77B-260872D41014}.Debug|x64.ActiveCfg = Debug|Any CPU
		{1AC7AC66-F7DE-49CD-A77B-260872D41014}.Debug|x64.Build.0 = Debug|Any CPU
		{1AC7AC66-F7DE-49CD-A77B-260872D41014}.Debug|x86.ActiveCfg = Debug|Any CPU
		{1AC7AC66-F7DE-49CD-A77B-260872D41014}.Debug|x86.Build.0 = Debug|Any CPU
		{1AC7AC66-F7DE-49CD-A77B-260872D41014}.Release|Any CPU.ActiveCfg = Release|Any CPU
		{1AC7AC66-F7DE-49CD-A77B-260872D41014}.Release|Any CPU.Build.0 = Release|Any CPU
		{1AC7AC66-F7DE-49CD-A77B-260872D41014}.Release|x64.ActiveCfg = Release|Any CPU
		{1AC7AC66-F7DE-49CD-A77B-260872D41014}.Release|x64.Build.0 = Release|Any CPU
		{1AC7AC66-F7DE-49CD-A77B-260872D41014}.Release|x86.ActiveCfg = Release|Any CPU
		{1AC7AC66-F7DE-49CD-A77B-260872D41014}.Release|x86.Build.0 = Release|Any CPU
		{884E7ECD-F0DC-4485-AE0A-94CCC13FA9E9}.Debug|Any CPU.ActiveCfg = Debug|Any CPU
		{884E7ECD-F0DC-4485-AE0A-94CCC13FA9E9}.Debug|Any CPU.Build.0 = Debug|Any CPU
		{884E7ECD-F0DC-4485-AE0A-94CCC13FA9E9}.Debug|x64.ActiveCfg = Debug|Any CPU
		{884E7ECD-F0DC-4485-AE0A-94CCC13FA9E9}.Debug|x64.Build.0 = Debug|Any CPU
		{884E7ECD-F0DC-4485-AE0A-94CCC13FA9E9}.Debug|x86.ActiveCfg = Debug|Any CPU
		{884E7ECD-F0DC-4485-AE0A-94CCC13FA9E9}.Debug|x86.Build.0 = Debug|Any CPU
		{884E7ECD-F0DC-4485-AE0A-94CCC13FA9E9}.Release|Any CPU.ActiveCfg = Release|Any CPU
		{884E7ECD-F0DC-4485-AE0A-94CCC13FA9E9}.Release|Any CPU.Build.0 = Release|Any CPU
		{884E7ECD-F0DC-4485-AE0A-94CCC13FA9E9}.Release|x64.ActiveCfg = Release|Any CPU
		{884E7ECD-F0DC-4485-AE0A-94CCC13FA9E9}.Release|x64.Build.0 = Release|Any CPU
		{884E7ECD-F0DC-4485-AE0A-94CCC13FA9E9}.Release|x86.ActiveCfg = Release|Any CPU
		{884E7ECD-F0DC-4485-AE0A-94CCC13FA9E9}.Release|x86.Build.0 = Release|Any CPU
	EndGlobalSection
	GlobalSection(SolutionProperties) = preSolution
		HideSolutionNode = FALSE
	EndGlobalSection
	GlobalSection(ExtensibilityGlobals) = postSolution
		SolutionGuid = {1B84566B-295E-4111-951B-5A6ACC2DEF73}
	EndGlobalSection
EndGlobal
